
Microsoft Visual Studio Solution File, Format Version 12.00
# Visual Studio Version 16
VisualStudioVersion = 16.0.33027.164
MinimumVisualStudioVersion = 10.0.40219.1
Project("{FAE04EC0-301F-11D3-BF4B-00C04F79EFBC}") = "MembersApi", "MembersApi\MembersApi.csproj", "{4B66C1AD-0CD1-411E-A5B1-FCDA3D11E804}"
EndProject
Global
	GlobalSection(SolutionConfigurationPlatforms) = preSolution
		Debug|Any CPU = Debug|Any CPU
		Release|Any CPU = Release|Any CPU
	EndGlobalSection
	GlobalSection(ProjectConfigurationPlatforms) = postSolution
		{4B66C1AD-0CD1-411E-A5B1-FCDA3D11E804}.Debug|Any CPU.ActiveCfg = Debug|Any CPU
		{4B66C1AD-0CD1-411E-A5B1-FCDA3D11E804}.Debug|Any CPU.Build.0 = Debug|Any CPU
		{4B66C1AD-0CD1-411E-A5B1-FCDA3D11E804}.Release|Any CPU.ActiveCfg = Release|Any CPU
		{4B66C1AD-0CD1-411E-A5B1-FCDA3D11E804}.Release|Any CPU.Build.0 = Release|Any CPU
	EndGlobalSection
	GlobalSection(SolutionProperties) = preSolution
		HideSolutionNode = FALSE
	EndGlobalSection
	GlobalSection(ExtensibilityGlobals) = postSolution
		SolutionGuid = {44394C70-DE2D-4AF0-8FBE-1506BD664EA4}
	EndGlobalSection
EndGlobal
